// !$*UTF8*$!
{
	archiveVersion = 1;
	classes = {
	};
	objectVersion = 46;
	objects = {

/* Begin PBXBuildFile section */
		5CCED9431EFEAD9B007A648C /* AppDelegate.swift in Sources */ = {isa = PBXBuildFile; fileRef = 5CCED9421EFEAD9B007A648C /* AppDelegate.swift */; };
		5CCED9451EFEAD9B007A648C /* ViewController.swift in Sources */ = {isa = PBXBuildFile; fileRef = 5CCED9441EFEAD9B007A648C /* ViewController.swift */; };
		5CCED9481EFEAD9B007A648C /* Main.storyboard in Resources */ = {isa = PBXBuildFile; fileRef = 5CCED9461EFEAD9B007A648C /* Main.storyboard */; };
		5CCED94A1EFEAD9B007A648C /* Assets.xcassets in Resources */ = {isa = PBXBuildFile; fileRef = 5CCED9491EFEAD9B007A648C /* Assets.xcassets */; };
		5CCED94D1EFEAD9B007A648C /* LaunchScreen.storyboard in Resources */ = {isa = PBXBuildFile; fileRef = 5CCED94B1EFEAD9B007A648C /* LaunchScreen.storyboard */; };
		5CCED9551EFEAE0A007A648C /* UNIXFileSystem.framework in Frameworks */ = {isa = PBXBuildFile; fileRef = 5CCED9541EFEAE0A007A648C /* UNIXFileSystem.framework */; };
		D5A099AEF5E059FBFAD9E459 /* Pods_UNIXFileSystem_UNIXFileSystemSample.framework in Frameworks */ = {isa = PBXBuildFile; fileRef = 3F480A6103B3601D56483DED /* Pods_UNIXFileSystem_UNIXFileSystemSample.framework */; };
/* End PBXBuildFile section */

/* Begin PBXFileReference section */
		3F480A6103B3601D56483DED /* Pods_UNIXFileSystem_UNIXFileSystemSample.framework */ = {isa = PBXFileReference; explicitFileType = wrapper.framework; includeInIndex = 0; path = Pods_UNIXFileSystem_UNIXFileSystemSample.framework; sourceTree = BUILT_PRODUCTS_DIR; };
		51EE8F4BABB8211FA1560CED /* Pods-UNIXFileSystem UNIXFileSystemSample.debug.xcconfig */ = {isa = PBXFileReference; includeInIndex = 1; lastKnownFileType = text.xcconfig; name = "Pods-UNIXFileSystem UNIXFileSystemSample.debug.xcconfig"; path = "Pods/Target Support Files/Pods-UNIXFileSystem UNIXFileSystemSample/Pods-UNIXFileSystem UNIXFileSystemSample.debug.xcconfig"; sourceTree = "<group>"; };
		5CCED93F1EFEAD9B007A648C /* UNIXFileSystem UNIXFileSystemSample.app */ = {isa = PBXFileReference; explicitFileType = wrapper.application; includeInIndex = 0; path = "UNIXFileSystem UNIXFileSystemSample.app"; sourceTree = BUILT_PRODUCTS_DIR; };
		5CCED9421EFEAD9B007A648C /* AppDelegate.swift */ = {isa = PBXFileReference; lastKnownFileType = sourcecode.swift; path = AppDelegate.swift; sourceTree = "<group>"; };
		5CCED9441EFEAD9B007A648C /* ViewController.swift */ = {isa = PBXFileReference; lastKnownFileType = sourcecode.swift; path = ViewController.swift; sourceTree = "<group>"; };
		5CCED9471EFEAD9B007A648C /* Base */ = {isa = PBXFileReference; lastKnownFileType = file.storyboard; name = Base; path = Base.lproj/Main.storyboard; sourceTree = "<group>"; };
		5CCED9491EFEAD9B007A648C /* Assets.xcassets */ = {isa = PBXFileReference; lastKnownFileType = folder.assetcatalog; path = Assets.xcassets; sourceTree = "<group>"; };
		5CCED94C1EFEAD9B007A648C /* Base */ = {isa = PBXFileReference; lastKnownFileType = file.storyboard; name = Base; path = Base.lproj/LaunchScreen.storyboard; sourceTree = "<group>"; };
		5CCED94E1EFEAD9B007A648C /* Info.plist */ = {isa = PBXFileReference; lastKnownFileType = text.plist.xml; path = Info.plist; sourceTree = "<group>"; };
		5CCED9541EFEAE0A007A648C /* UNIXFileSystem.framework */ = {isa = PBXFileReference; lastKnownFileType = wrapper.framework; name = UNIXFileSystem.framework; path = "../../../../Library/Developer/Xcode/DerivedData/UNIXFileSystem_UNIXFileSystemSample-cqtnzeughulncmbjidcorbwoztub/Build/Products/Debug-iphonesimulator/UNIXFileSystem/UNIXFileSystem.framework"; sourceTree = "<group>"; };
		B6160BD6554DE33B27227029 /* Pods-UNIXFileSystem UNIXFileSystemSample.release.xcconfig */ = {isa = PBXFileReference; includeInIndex = 1; lastKnownFileType = text.xcconfig; name = "Pods-UNIXFileSystem UNIXFileSystemSample.release.xcconfig"; path = "Pods/Target Support Files/Pods-UNIXFileSystem UNIXFileSystemSample/Pods-UNIXFileSystem UNIXFileSystemSample.release.xcconfig"; sourceTree = "<group>"; };
/* End PBXFileReference section */

/* Begin PBXFrameworksBuildPhase section */
		5CCED93C1EFEAD9B007A648C /* Frameworks */ = {
			isa = PBXFrameworksBuildPhase;
			buildActionMask = 2147483647;
			files = (
				5CCED9551EFEAE0A007A648C /* UNIXFileSystem.framework in Frameworks */,
				D5A099AEF5E059FBFAD9E459 /* Pods_UNIXFileSystem_UNIXFileSystemSample.framework in Frameworks */,
			);
			runOnlyForDeploymentPostprocessing = 0;
		};
/* End PBXFrameworksBuildPhase section */

/* Begin PBXGroup section */
		5CCED9361EFEAD9B007A648C = {
			isa = PBXGroup;
			children = (
				5CCED9411EFEAD9B007A648C /* UNIXFileSystem UNIXFileSystemSample */,
				5CCED9401EFEAD9B007A648C /* Products */,
				D2C86B83D6A0372A44C38A9A /* Pods */,
				93C33E988B374AA1DC3ABAA9 /* Frameworks */,
			);
			sourceTree = "<group>";
		};
		5CCED9401EFEAD9B007A648C /* Products */ = {
			isa = PBXGroup;
			children = (
				5CCED93F1EFEAD9B007A648C /* UNIXFileSystem UNIXFileSystemSample.app */,
			);
			name = Products;
			sourceTree = "<group>";
		};
		5CCED9411EFEAD9B007A648C /* UNIXFileSystem UNIXFileSystemSample */ = {
			isa = PBXGroup;
			children = (
				5CCED9421EFEAD9B007A648C /* AppDelegate.swift */,
				5CCED9441EFEAD9B007A648C /* ViewController.swift */,
				5CCED9461EFEAD9B007A648C /* Main.storyboard */,
				5CCED9491EFEAD9B007A648C /* Assets.xcassets */,
				5CCED94B1EFEAD9B007A648C /* LaunchScreen.storyboard */,
				5CCED94E1EFEAD9B007A648C /* Info.plist */,
			);
			path = "UNIXFileSystem UNIXFileSystemSample";
			sourceTree = "<group>";
		};
		93C33E988B374AA1DC3ABAA9 /* Frameworks */ = {
			isa = PBXGroup;
			children = (
				5CCED9541EFEAE0A007A648C /* UNIXFileSystem.framework */,
				3F480A6103B3601D56483DED /* Pods_UNIXFileSystem_UNIXFileSystemSample.framework */,
			);
			name = Frameworks;
			sourceTree = "<group>";
		};
		D2C86B83D6A0372A44C38A9A /* Pods */ = {
			isa = PBXGroup;
			children = (
				51EE8F4BABB8211FA1560CED /* Pods-UNIXFileSystem UNIXFileSystemSample.debug.xcconfig */,
				B6160BD6554DE33B27227029 /* Pods-UNIXFileSystem UNIXFileSystemSample.release.xcconfig */,
			);
			name = Pods;
			sourceTree = "<group>";
		};
/* End PBXGroup section */

/* Begin PBXNativeTarget section */
		5CCED93E1EFEAD9B007A648C /* UNIXFileSystem UNIXFileSystemSample */ = {
			isa = PBXNativeTarget;
			buildConfigurationList = 5CCED9511EFEAD9B007A648C /* Build configuration list for PBXNativeTarget "UNIXFileSystem UNIXFileSystemSample" */;
			buildPhases = (
				E15AFB736F01D62A44AF3212 /* [CP] Check Pods Manifest.lock */,
				5CCED93B1EFEAD9B007A648C /* Sources */,
				5CCED93C1EFEAD9B007A648C /* Frameworks */,
				5CCED93D1EFEAD9B007A648C /* Resources */,
				B3CE5F0772FDCC6F6200EA30 /* [CP] Embed Pods Frameworks */,
				C1C26B29D74BBFAF8038C59A /* [CP] Copy Pods Resources */,
			);
			buildRules = (
			);
			dependencies = (
			);
			name = "UNIXFileSystem UNIXFileSystemSample";
			productName = "UNIXFileSystem UNIXFileSystemSample";
			productReference = 5CCED93F1EFEAD9B007A648C /* UNIXFileSystem UNIXFileSystemSample.app */;
			productType = "com.apple.product-type.application";
		};
/* End PBXNativeTarget section */

/* Begin PBXProject section */
		5CCED9371EFEAD9B007A648C /* Project object */ = {
			isa = PBXProject;
			attributes = {
				LastSwiftUpdateCheck = 0830;
				LastUpgradeCheck = 0830;
				ORGANIZATIONNAME = Meniny;
				TargetAttributes = {
					5CCED93E1EFEAD9B007A648C = {
						CreatedOnToolsVersion = 8.3.3;
						DevelopmentTeam = 63YL5QDMNS;
						ProvisioningStyle = Automatic;
					};
				};
			};
			buildConfigurationList = 5CCED93A1EFEAD9B007A648C /* Build configuration list for PBXProject "UNIXFileSystem UNIXFileSystemSample" */;
			compatibilityVersion = "Xcode 3.2";
			developmentRegion = English;
			hasScannedForEncodings = 0;
			knownRegions = (
				en,
				Base,
			);
			mainGroup = 5CCED9361EFEAD9B007A648C;
			productRefGroup = 5CCED9401EFEAD9B007A648C /* Products */;
			projectDirPath = "";
			projectRoot = "";
			targets = (
				5CCED93E1EFEAD9B007A648C /* UNIXFileSystem UNIXFileSystemSample */,
			);
		};
/* End PBXProject section */

/* Begin PBXResourcesBuildPhase section */
		5CCED93D1EFEAD9B007A648C /* Resources */ = {
			isa = PBXResourcesBuildPhase;
			buildActionMask = 2147483647;
			files = (
				5CCED94D1EFEAD9B007A648C /* LaunchScreen.storyboard in Resources */,
				5CCED94A1EFEAD9B007A648C /* Assets.xcassets in Resources */,
				5CCED9481EFEAD9B007A648C /* Main.storyboard in Resources */,
			);
			runOnlyForDeploymentPostprocessing = 0;
		};
/* End PBXResourcesBuildPhase section */

/* Begin PBXShellScriptBuildPhase section */
		B3CE5F0772FDCC6F6200EA30 /* [CP] Embed Pods Frameworks */ = {
			isa = PBXShellScriptBuildPhase;
			buildActionMask = 2147483647;
			files = (
			);
			inputPaths = (
			);
			name = "[CP] Embed Pods Frameworks";
			outputPaths = (
			);
			runOnlyForDeploymentPostprocessing = 0;
			shellPath = /bin/sh;
			shellScript = "\"${SRCROOT}/Pods/Target Support Files/Pods-UNIXFileSystem UNIXFileSystemSample/Pods-UNIXFileSystem UNIXFileSystemSample-frameworks.sh\"\n";
			showEnvVarsInLog = 0;
		};
		C1C26B29D74BBFAF8038C59A /* [CP] Copy Pods Resources */ = {
			isa = PBXShellScriptBuildPhase;
			buildActionMask = 2147483647;
			files = (
			);
			inputPaths = (
			);
			name = "[CP] Copy Pods Resources";
			outputPaths = (
			);
			runOnlyForDeploymentPostprocessing = 0;
			shellPath = /bin/sh;
			shellScript = "\"${SRCROOT}/Pods/Target Support Files/Pods-UNIXFileSystem UNIXFileSystemSample/Pods-UNIXFileSystem UNIXFileSystemSample-resources.sh\"\n";
			showEnvVarsInLog = 0;
		};
		E15AFB736F01D62A44AF3212 /* [CP] Check Pods Manifest.lock */ = {
			isa = PBXShellScriptBuildPhase;
			buildActionMask = 2147483647;
			files = (
			);
			inputPaths = (
			);
			name = "[CP] Check Pods Manifest.lock";
			outputPaths = (
			);
			runOnlyForDeploymentPostprocessing = 0;
			shellPath = /bin/sh;
			shellScript = "diff \"${PODS_PODFILE_DIR_PATH}/Podfile.lock\" \"${PODS_ROOT}/Manifest.lock\" > /dev/null\nif [ $? != 0 ] ; then\n    # print error to STDERR\n    echo \"error: The sandbox is not in sync with the Podfile.lock. Run 'pod install' or update your CocoaPods installation.\" >&2\n    exit 1\nfi\n";
			showEnvVarsInLog = 0;
		};
/* End PBXShellScriptBuildPhase section */

/* Begin PBXSourcesBuildPhase section */
		5CCED93B1EFEAD9B007A648C /* Sources */ = {
			isa = PBXSourcesBuildPhase;
			buildActionMask = 2147483647;
			files = (
				5CCED9451EFEAD9B007A648C /* ViewController.swift in Sources */,
				5CCED9431EFEAD9B007A648C /* AppDelegate.swift in Sources */,
			);
			runOnlyForDeploymentPostprocessing = 0;
		};
/* End PBXSourcesBuildPhase section */

/* Begin PBXVariantGroup section */
		5CCED9461EFEAD9B007A648C /* Main.storyboard */ = {
			isa = PBXVariantGroup;
			children = (
				5CCED9471EFEAD9B007A648C /* Base */,
			);
			name = Main.storyboard;
			sourceTree = "<group>";
		};
		5CCED94B1EFEAD9B007A648C /* LaunchScreen.storyboard */ = {
			isa = PBXVariantGroup;
			children = (
				5CCED94C1EFEAD9B007A648C /* Base */,
			);
			name = LaunchScreen.storyboard;
			sourceTree = "<group>";
		};
/* End PBXVariantGroup section */

/* Begin XCBuildConfiguration section */
		5CCED94F1EFEAD9B007A648C /* Debug */ = {
			isa = XCBuildConfiguration;
			buildSettings = {
				ALWAYS_SEARCH_USER_PATHS = NO;
				CLANG_ANALYZER_NONNULL = YES;
				CLANG_ANALYZER_NUMBER_OBJECT_CONVERSION = YES_AGGRESSIVE;
				CLANG_CXX_LANGUAGE_STANDARD = "gnu++0x";
				CLANG_CXX_LIBRARY = "libc++";
				CLANG_ENABLE_MODULES = YES;
				CLANG_ENABLE_OBJC_ARC = YES;
				CLANG_WARN_BOOL_CONVERSION = YES;
				CLANG_WARN_CONSTANT_CONVERSION = YES;
				CLANG_WARN_DIRECT_OBJC_ISA_USAGE = YES_ERROR;
				CLANG_WARN_DOCUMENTATION_COMMENTS = YES;
				CLANG_WARN_EMPTY_BODY = YES;
				CLANG_WARN_ENUM_CONVERSION = YES;
				CLANG_WARN_INFINITE_RECURSION = YES;
				CLANG_WARN_INT_CONVERSION = YES;
				CLANG_WARN_OBJC_ROOT_CLASS = YES_ERROR;
				CLANG_WARN_SUSPICIOUS_MOVE = YES;
				CLANG_WARN_UNREACHABLE_CODE = YES;
				CLANG_WARN__DUPLICATE_METHOD_MATCH = YES;
				"CODE_SIGN_IDENTITY[sdk=iphoneos*]" = "iPhone Developer";
				COPY_PHASE_STRIP = NO;
				DEBUG_INFORMATION_FORMAT = dwarf;
				ENABLE_STRICT_OBJC_MSGSEND = YES;
				ENABLE_TESTABILITY = YES;
				GCC_C_LANGUAGE_STANDARD = gnu99;
				GCC_DYNAMIC_NO_PIC = NO;
				GCC_NO_COMMON_BLOCKS = YES;
				GCC_OPTIMIZATION_LEVEL = 0;
				GCC_PREPROCESSOR_DEFINITIONS = (
					"DEBUG=1",
					"$(inherited)",
				);
				GCC_WARN_64_TO_32_BIT_CONVERSION = YES;
				GCC_WARN_ABOUT_RETURN_TYPE = YES_ERROR;
				GCC_WARN_UNDECLARED_SELECTOR = YES;
				GCC_WARN_UNINITIALIZED_AUTOS = YES_AGGRESSIVE;
				GCC_WARN_UNUSED_FUNCTION = YES;
				GCC_WARN_UNUSED_VARIABLE = YES;
				IPHONEOS_DEPLOYMENT_TARGET = 10.3;
				MTL_ENABLE_DEBUG_INFO = YES;
				ONLY_ACTIVE_ARCH = YES;
				SDKROOT = iphoneos;
				SWIFT_ACTIVE_COMPILATION_CONDITIONS = DEBUG;
				SWIFT_OPTIMIZATION_LEVEL = "-Onone";
				TARGETED_DEVICE_FAMILY = "1,2";
			};
			name = Debug;
		};
		5CCED9501EFEAD9B007A648C /* Release */ = {
			isa = XCBuildConfiguration;
			buildSettings = {
				ALWAYS_SEARCH_USER_PATHS = NO;
				CLANG_ANALYZER_NONNULL = YES;
				CLANG_ANALYZER_NUMBER_OBJECT_CONVERSION = YES_AGGRESSIVE;
				CLANG_CXX_LANGUAGE_STANDARD = "gnu++0x";
				CLANG_CXX_LIBRARY = "libc++";
				CLANG_ENABLE_MODULES = YES;
				CLANG_ENABLE_OBJC_ARC = YES;
				CLANG_WARN_BOOL_CONVERSION = YES;
				CLANG_WARN_CONSTANT_CONVERSION = YES;
				CLANG_WARN_DIRECT_OBJC_ISA_USAGE = YES_ERROR;
				CLANG_WARN_DOCUMENTATION_COMMENTS = YES;
				CLANG_WARN_EMPTY_BODY = YES;
				CLANG_WARN_ENUM_CONVERSION = YES;
				CLANG_WARN_INFINITE_RECURSION = YES;
				CLANG_WARN_INT_CONVERSION = YES;
				CLANG_WARN_OBJC_ROOT_CLASS = YES_ERROR;
				CLANG_WARN_SUSPICIOUS_MOVE = YES;
				CLANG_WARN_UNREACHABLE_CODE = YES;
				CLANG_WARN__DUPLICATE_METHOD_MATCH = YES;
				"CODE_SIGN_IDENTITY[sdk=iphoneos*]" = "iPhone Developer";
				COPY_PHASE_STRIP = NO;
				DEBUG_INFORMATION_FORMAT = "dwarf-with-dsym";
				ENABLE_NS_ASSERTIONS = NO;
				ENABLE_STRICT_OBJC_MSGSEND = YES;
				GCC_C_LANGUAGE_STANDARD = gnu99;
				GCC_NO_COMMON_BLOCKS = YES;
				GCC_WARN_64_TO_32_BIT_CONVERSION = YES;
				GCC_WARN_ABOUT_RETURN_TYPE = YES_ERROR;
				GCC_WARN_UNDECLARED_SELECTOR = YES;
				GCC_WARN_UNINITIALIZED_AUTOS = YES_AGGRESSIVE;
				GCC_WARN_UNUSED_FUNCTION = YES;
				GCC_WARN_UNUSED_VARIABLE = YES;
				IPHONEOS_DEPLOYMENT_TARGET = 10.3;
				MTL_ENABLE_DEBUG_INFO = NO;
				SDKROOT = iphoneos;
				SWIFT_OPTIMIZATION_LEVEL = "-Owholemodule";
				TARGETED_DEVICE_FAMILY = "1,2";
				VALIDATE_PRODUCT = YES;
			};
			name = Release;
		};
		5CCED9521EFEAD9B007A648C /* Debug */ = {
			isa = XCBuildConfiguration;
			baseConfigurationReference = 51EE8F4BABB8211FA1560CED /* Pods-UNIXFileSystem UNIXFileSystemSample.debug.xcconfig */;
			buildSettings = {
				ASSETCATALOG_COMPILER_APPICON_NAME = AppIcon;
				DEVELOPMENT_TEAM = 63YL5QDMNS;
				INFOPLIST_FILE = "UNIXFileSystem UNIXFileSystemSample/Info.plist";
				LD_RUNPATH_SEARCH_PATHS = "$(inherited) @executable_path/Frameworks";
				PRODUCT_BUNDLE_IDENTIFIER = "cn.meniny.UNIXFileSystem-UNIXFileSystemSample";
				PRODUCT_NAME = "$(TARGET_NAME)";
				SWIFT_VERSION = 3.0;
			};
			name = Debug;
		};
		5CCED9531EFEAD9B007A648C /* Release */ = {
			isa = XCBuildConfiguration;
			baseConfigurationReference = B6160BD6554DE33B27227029 /* Pods-UNIXFileSystem UNIXFileSystemSample.release.xcconfig */;
			buildSettings = {
				ASSETCATALOG_COMPILER_APPICON_NAME = AppIcon;
				DEVELOPMENT_TEAM = 63YL5QDMNS;
				INFOPLIST_FILE = "UNIXFileSystem UNIXFileSystemSample/Info.plist";
				LD_RUNPATH_SEARCH_PATHS = "$(inherited) @executable_path/Frameworks";
				PRODUCT_BUNDLE_IDENTIFIER = "cn.meniny.UNIXFileSystem-UNIXFileSystemSample";
				PRODUCT_NAME = "$(TARGET_NAME)";
				SWIFT_VERSION = 3.0;
			};
			name = Release;
		};
/* End XCBuildConfiguration section */

/* Begin XCConfigurationList section */
		5CCED93A1EFEAD9B007A648C /* Build configuration list for PBXProject "UNIXFileSystem UNIXFileSystemSample" */ = {
			isa = XCConfigurationList;
			buildConfigurations = (
				5CCED94F1EFEAD9B007A648C /* Debug */,
				5CCED9501EFEAD9B007A648C /* Release */,
			);
			defaultConfigurationIsVisible = 0;
			defaultConfigurationName = Release;
		};
		5CCED9511EFEAD9B007A648C /* Build configuration list for PBXNativeTarget "UNIXFileSystem UNIXFileSystemSample" */ = {
			isa = XCConfigurationList;
			buildConfigurations = (
				5CCED9521EFEAD9B007A648C /* Debug */,
				5CCED9531EFEAD9B007A648C /* Release */,
			);
			defaultConfigurationIsVisible = 0;
			defaultConfigurationName = Release;
		};
/* End XCConfigurationList section */
	};
	rootObject = 5CCED9371EFEAD9B007A648C /* Project object */;
}
